
Microsoft Visual Studio Solution File, Format Version 12.00
# Visual Studio Version 17
VisualStudioVersion = 17.11.35327.3
MinimumVisualStudioVersion = 10.0.40219.1
Project("{FAE04EC0-301F-11D3-BF4B-00C04F79EFBC}") = "MyFirstProgram", "MyFirstProgram\MyFirstProgram.csproj", "{A8F7D7A5-FBDA-460F-8793-A23552C14EDC}"
EndProject
Global
	GlobalSection(SolutionConfigurationPlatforms) = preSolution
		Debug|Any CPU = Debug|Any CPU
		Release|Any CPU = Release|Any CPU
	EndGlobalSection
	GlobalSection(ProjectConfigurationPlatforms) = postSolution
		{A8F7D7A5-FBDA-460F-8793-A23552C14EDC}.Debug|Any CPU.ActiveCfg = Debug|Any CPU
		{A8F7D7A5-FBDA-460F-8793-A23552C14EDC}.Debug|Any CPU.Build.0 = Debug|Any CPU
		{A8F7D7A5-FBDA-460F-8793-A23552C14EDC}.Release|Any CPU.ActiveCfg = Release|Any CPU
		{A8F7D7A5-FBDA-460F-8793-A23552C14EDC}.Release|Any CPU.Build.0 = Release|Any CPU
	EndGlobalSection
	GlobalSection(SolutionProperties) = preSolution
		HideSolutionNode = FALSE
	EndGlobalSection
	GlobalSection(ExtensibilityGlobals) = postSolution
		SolutionGuid = {7F936F22-BA92-4FF1-B615-96EC8C2191B1}
	EndGlobalSection
EndGlobal
